{
  "version": 4,
  "terraform_version": "1.8.2",
  "serial": 3,
  "lineage": "a7028662-eea2-71f1-19e0-57a1258f24b1",
  "outputs": {},
  "resources": [
    {
      "mode": "managed",
      "type": "aws_vpc",
      "name": "vpc_ohio",
      "provider": "provider[\"registry.terraform.io/hashicorp/aws\"].ohio",
      "instances": [
        {
          "schema_version": 1,
          "attributes": {
            "arn": "arn:aws:ec2:us-east-2:211125730552:vpc/vpc-0a7ea714aebe2d8be",
            "assign_generated_ipv6_cidr_block": false,
            "cidr_block": "10.10.0.0/16",
            "default_network_acl_id": "acl-071b204ac72901d4f",
            "default_route_table_id": "rtb-0564cf01f8447970a",
            "default_security_group_id": "sg-005517ed59e456b49",
            "dhcp_options_id": "dopt-0b1e7f3d46958a02b",
            "enable_dns_hostnames": false,
            "enable_dns_support": true,
            "enable_network_address_usage_metrics": false,
            "id": "vpc-0a7ea714aebe2d8be",
            "instance_tenancy": "default",
            "ipv4_ipam_pool_id": null,
            "ipv4_netmask_length": null,
            "ipv6_association_id": "",
            "ipv6_cidr_block": "",
            "ipv6_cidr_block_network_border_group": "",
            "ipv6_ipam_pool_id": "",
            "ipv6_netmask_length": 0,
            "main_route_table_id": "rtb-0564cf01f8447970a",
            "owner_id": "211125730552",
            "tags": {
              "Name": "VPC_OHIO",
              "env": "Dev"
            },
            "tags_all": {
              "Name": "VPC_OHIO",
              "env": "Dev"
            }
          },
          "sensitive_attributes": [],
          "private": "eyJzY2hlbWFfdmVyc2lvbiI6IjEifQ=="
        }
      ]
    },
    {
      "mode": "managed",
      "type": "aws_vpc",
      "name": "vpc_virginia",
      "provider": "provider[\"registry.terraform.io/hashicorp/aws\"]",
      "instances": [
        {
          "schema_version": 1,
          "attributes": {
            "arn": "arn:aws:ec2:us-east-1:211125730552:vpc/vpc-05f9f08332668b3df",
            "assign_generated_ipv6_cidr_block": false,
            "cidr_block": "10.10.0.0/16",
            "default_network_acl_id": "acl-04c38220964d84fe0",
            "default_route_table_id": "rtb-0a20772c07f1dc728",
            "default_security_group_id": "sg-0446558c2b13fc225",
            "dhcp_options_id": "dopt-041630b62efdf4cee",
            "enable_dns_hostnames": false,
            "enable_dns_support": true,
            "enable_network_address_usage_metrics": false,
            "id": "vpc-05f9f08332668b3df",
            "instance_tenancy": "default",
            "ipv4_ipam_pool_id": null,
            "ipv4_netmask_length": null,
            "ipv6_association_id": "",
            "ipv6_cidr_block": "",
            "ipv6_cidr_block_network_border_group": "",
            "ipv6_ipam_pool_id": "",
            "ipv6_netmask_length": 0,
            "main_route_table_id": "rtb-0a20772c07f1dc728",
            "owner_id": "211125730552",
            "tags": {
              "Name": "VPC_VIRGINIA",
              "env": "Dev"
            },
            "tags_all": {
              "Name": "VPC_VIRGINIA",
              "env": "Dev"
            }
          },
          "sensitive_attributes": [],
          "private": "eyJzY2hlbWFfdmVyc2lvbiI6IjEifQ=="
        }
      ]
    }
  ],
  "check_results": null
}
